
Microsoft Visual Studio Solution File, Format Version 12.00
# Visual Studio Version 16
VisualStudioVersion = 16.0.30114.105
MinimumVisualStudioVersion = 10.0.40219.1
Project("{FAE04EC0-301F-11D3-BF4B-00C04F79EFBC}") = "API", "API\API.csproj", "{3898A9B3-28F6-4F7F-8408-B251BABFC670}"
EndProject
Project("{FAE04EC0-301F-11D3-BF4B-00C04F79EFBC}") = "Domain", "Domain\Domain.csproj", "{0519A974-43EB-4491-A444-62E6041A800A}"
EndProject
Project("{FAE04EC0-301F-11D3-BF4B-00C04F79EFBC}") = "Infrastructure", "Infrastructure\Infrastructure.csproj", "{B8D9D7A9-320D-4E9D-9C94-799DD7992399}"
EndProject
Project("{FAE04EC0-301F-11D3-BF4B-00C04F79EFBC}") = "UnitTests", "UnitTests\UnitTests.csproj", "{BD5D4A31-7004-4390-8C1C-874D45B6B3CA}"
EndProject
Global
	GlobalSection(SolutionConfigurationPlatforms) = preSolution
		Debug|Any CPU = Debug|Any CPU
		Release|Any CPU = Release|Any CPU
	EndGlobalSection
	GlobalSection(SolutionProperties) = preSolution
		HideSolutionNode = FALSE
	EndGlobalSection
	GlobalSection(ProjectConfigurationPlatforms) = postSolution
		{3898A9B3-28F6-4F7F-8408-B251BABFC670}.Debug|Any CPU.ActiveCfg = Debug|Any CPU
		{3898A9B3-28F6-4F7F-8408-B251BABFC670}.Debug|Any CPU.Build.0 = Debug|Any CPU
		{3898A9B3-28F6-4F7F-8408-B251BABFC670}.Release|Any CPU.ActiveCfg = Release|Any CPU
		{3898A9B3-28F6-4F7F-8408-B251BABFC670}.Release|Any CPU.Build.0 = Release|Any CPU
		{0519A974-43EB-4491-A444-62E6041A800A}.Debug|Any CPU.ActiveCfg = Debug|Any CPU
		{0519A974-43EB-4491-A444-62E6041A800A}.Debug|Any CPU.Build.0 = Debug|Any CPU
		{0519A974-43EB-4491-A444-62E6041A800A}.Release|Any CPU.ActiveCfg = Release|Any CPU
		{0519A974-43EB-4491-A444-62E6041A800A}.Release|Any CPU.Build.0 = Release|Any CPU
		{B8D9D7A9-320D-4E9D-9C94-799DD7992399}.Debug|Any CPU.ActiveCfg = Debug|Any CPU
		{B8D9D7A9-320D-4E9D-9C94-799DD7992399}.Debug|Any CPU.Build.0 = Debug|Any CPU
		{B8D9D7A9-320D-4E9D-9C94-799DD7992399}.Release|Any CPU.ActiveCfg = Release|Any CPU
		{B8D9D7A9-320D-4E9D-9C94-799DD7992399}.Release|Any CPU.Build.0 = Release|Any CPU
		{BD5D4A31-7004-4390-8C1C-874D45B6B3CA}.Debug|Any CPU.ActiveCfg = Debug|Any CPU
		{BD5D4A31-7004-4390-8C1C-874D45B6B3CA}.Debug|Any CPU.Build.0 = Debug|Any CPU
		{BD5D4A31-7004-4390-8C1C-874D45B6B3CA}.Release|Any CPU.ActiveCfg = Release|Any CPU
		{BD5D4A31-7004-4390-8C1C-874D45B6B3CA}.Release|Any CPU.Build.0 = Release|Any CPU
	EndGlobalSection
EndGlobal
